
Microsoft Visual Studio Solution File, Format Version 12.00
# Visual Studio 15
VisualStudioVersion = 15.0.26730.15
MinimumVisualStudioVersion = 10.0.40219.1
Project("{8BC9CEB8-8B4A-11D0-8D11-00A0C91BC942}") = "5.35", "5.35\5.35.vcxproj", "{486FCFE2-EE2D-4F90-97A1-AF11E2334690}"
EndProject
Global
	GlobalSection(SolutionConfigurationPlatforms) = preSolution
		Debug|x64 = Debug|x64
		Debug|x86 = Debug|x86
		Release|x64 = Release|x64
		Release|x86 = Release|x86
	EndGlobalSection
	GlobalSection(ProjectConfigurationPlatforms) = postSolution
		{486FCFE2-EE2D-4F90-97A1-AF11E2334690}.Debug|x64.ActiveCfg = Debug|x64
		{486FCFE2-EE2D-4F90-97A1-AF11E2334690}.Debug|x64.Build.0 = Debug|x64
		{486FCFE2-EE2D-4F90-97A1-AF11E2334690}.Debug|x86.ActiveCfg = Debug|Win32
		{486FCFE2-EE2D-4F90-97A1-AF11E2334690}.Debug|x86.Build.0 = Debug|Win32
		{486FCFE2-EE2D-4F90-97A1-AF11E2334690}.Release|x64.ActiveCfg = Release|x64
		{486FCFE2-EE2D-4F90-97A1-AF11E2334690}.Release|x64.Build.0 = Release|x64
		{486FCFE2-EE2D-4F90-97A1-AF11E2334690}.Release|x86.ActiveCfg = Release|Win32
		{486FCFE2-EE2D-4F90-97A1-AF11E2334690}.Release|x86.Build.0 = Release|Win32
	EndGlobalSection
	GlobalSection(SolutionProperties) = preSolution
		HideSolutionNode = FALSE
	EndGlobalSection
	GlobalSection(ExtensibilityGlobals) = postSolution
		SolutionGuid = {9755D071-55FB-4D91-8600-FE2D9CC691F6}
	EndGlobalSection
EndGlobal
